# This file is generated by running "yarn install" inside your project.
# Manual changes might be lost - proceed with caution!

__metadata:
  version: 8
  cacheKey: 10c0

"@grammyjs/types@npm:3.11.0":
  version: 3.11.0
  resolution: "@grammyjs/types@npm:3.11.0"
  checksum: 10c0/9b168f1afef5fdf03cf6380927701832fe911985cd9a35fca320cf8a206ba836bfff16f97ddca767726b7e13a07d3f834b64eb0198f48117b3eec57cd0f1c75e
  languageName: node
  linkType: hard

"@roziscoding/grammy-autoquote@npm:^2.0.0":
  version: 2.0.6
  resolution: "@roziscoding/grammy-autoquote@npm:2.0.6"
  peerDependencies:
    grammy: ^1
  checksum: 10c0/037a57170d66659ca2ff30f16376bf58554d0744f127691103b4c86caa46c83fe9725a45d0c97b2556a01835c5c21ba1674ab8334dfcd08ef734f66e2ed5336d
  languageName: node
  linkType: hard

"abort-controller@npm:^3.0.0":
  version: 3.0.0
  resolution: "abort-controller@npm:3.0.0"
  dependencies:
    event-target-shim: "npm:^5.0.0"
  checksum: 10c0/90ccc50f010250152509a344eb2e71977fbf8db0ab8f1061197e3275ddf6c61a41a6edfd7b9409c664513131dd96e962065415325ef23efa5db931b382d24ca5
  languageName: node
  linkType: hard

"accepts@npm:~1.3.8":
  version: 1.3.8
  resolution: "accepts@npm:1.3.8"
  dependencies:
    mime-types: "npm:~2.1.34"
    negotiator: "npm:0.6.3"
  checksum: 10c0/3a35c5f5586cfb9a21163ca47a5f77ac34fa8ceb5d17d2fa2c0d81f41cbd7f8c6fa52c77e2c039acc0f4d09e71abdc51144246900f6bef5e3c4b333f77d89362
  languageName: node
  linkType: hard

"array-flatten@npm:1.1.1":
  version: 1.1.1
  resolution: "array-flatten@npm:1.1.1"
  checksum: 10c0/806966c8abb2f858b08f5324d9d18d7737480610f3bd5d3498aaae6eb5efdc501a884ba019c9b4a8f02ff67002058749d05548fd42fa8643f02c9c7f22198b91
  languageName: node
  linkType: hard

"asynckit@npm:^0.4.0":
  version: 0.4.0
  resolution: "asynckit@npm:0.4.0"
  checksum: 10c0/d73e2ddf20c4eb9337e1b3df1a0f6159481050a5de457c55b14ea2e5cb6d90bb69e004c9af54737a5ee0917fcf2c9e25de67777bbe58261847846066ba75bc9d
  languageName: node
  linkType: hard

"axios@npm:^1.2.5, axios@npm:^1.4.0":
  version: 1.7.2
  resolution: "axios@npm:1.7.2"
  dependencies:
    follow-redirects: "npm:^1.15.6"
    form-data: "npm:^4.0.0"
    proxy-from-env: "npm:^1.1.0"
  checksum: 10c0/cbd47ce380fe045313364e740bb03b936420b8b5558c7ea36a4563db1258c658f05e40feb5ddd41f6633fdd96d37ac2a76f884dad599c5b0224b4c451b3fa7ae
  languageName: node
  linkType: hard

"body-parser@npm:1.20.2":
  version: 1.20.2
  resolution: "body-parser@npm:1.20.2"
  dependencies:
    bytes: "npm:3.1.2"
    content-type: "npm:~1.0.5"
    debug: "npm:2.6.9"
    depd: "npm:2.0.0"
    destroy: "npm:1.2.0"
    http-errors: "npm:2.0.0"
    iconv-lite: "npm:0.4.24"
    on-finished: "npm:2.4.1"
    qs: "npm:6.11.0"
    raw-body: "npm:2.5.2"
    type-is: "npm:~1.6.18"
    unpipe: "npm:1.0.0"
  checksum: 10c0/06f1438fff388a2e2354c96aa3ea8147b79bfcb1262dfcc2aae68ec13723d01d5781680657b74e9f83c808266d5baf52804032fbde2b7382b89bd8cdb273ace9
  languageName: node
  linkType: hard

"boolbase@npm:^1.0.0":
  version: 1.0.0
  resolution: "boolbase@npm:1.0.0"
  checksum: 10c0/e4b53deb4f2b85c52be0e21a273f2045c7b6a6ea002b0e139c744cb6f95e9ec044439a52883b0d74dedd1ff3da55ed140cfdddfed7fb0cccbed373de5dce1bcf
  languageName: node
  linkType: hard

"bytes@npm:3.1.2":
  version: 3.1.2
  resolution: "bytes@npm:3.1.2"
  checksum: 10c0/76d1c43cbd602794ad8ad2ae94095cddeb1de78c5dddaa7005c51af10b0176c69971a6d88e805a90c2b6550d76636e43c40d8427a808b8645ede885de4a0358e
  languageName: node
  linkType: hard

"call-bind@npm:^1.0.0":
  version: 1.0.2
  resolution: "call-bind@npm:1.0.2"
  dependencies:
    function-bind: "npm:^1.1.1"
    get-intrinsic: "npm:^1.0.2"
  checksum: 10c0/74ba3f31e715456e22e451d8d098779b861eba3c7cac0d9b510049aced70d75c231ba05071f97e1812c98e34e2bee734c0c6126653e0088c2d9819ca047f4073
  languageName: node
  linkType: hard

"cheerio-select@npm:^2.1.0":
  version: 2.1.0
  resolution: "cheerio-select@npm:2.1.0"
  dependencies:
    boolbase: "npm:^1.0.0"
    css-select: "npm:^5.1.0"
    css-what: "npm:^6.1.0"
    domelementtype: "npm:^2.3.0"
    domhandler: "npm:^5.0.3"
    domutils: "npm:^3.0.1"
  checksum: 10c0/2242097e593919dba4aacb97d7b8275def8b9ec70b00aa1f43335456870cfc9e284eae2080bdc832ed232dabb9eefcf56c722d152da4a154813fb8814a55d282
  languageName: node
  linkType: hard

"cheerio@npm:^1.0.0-rc.10":
  version: 1.0.0-rc.12
  resolution: "cheerio@npm:1.0.0-rc.12"
  dependencies:
    cheerio-select: "npm:^2.1.0"
    dom-serializer: "npm:^2.0.0"
    domhandler: "npm:^5.0.3"
    domutils: "npm:^3.0.1"
    htmlparser2: "npm:^8.0.1"
    parse5: "npm:^7.0.0"
    parse5-htmlparser2-tree-adapter: "npm:^7.0.0"
  checksum: 10c0/c85d2f2461e3f024345b78e0bb16ad8e41492356210470dd1e7d5a91391da9fcf6c0a7cb48a9ba8820330153f0cedb4d0a60c7af15d96ecdb3092299b9d9c0cc
  languageName: node
  linkType: hard

"combined-stream@npm:^1.0.8":
  version: 1.0.8
  resolution: "combined-stream@npm:1.0.8"
  dependencies:
    delayed-stream: "npm:~1.0.0"
  checksum: 10c0/0dbb829577e1b1e839fa82b40c07ffaf7de8a09b935cadd355a73652ae70a88b4320db322f6634a4ad93424292fa80973ac6480986247f1734a1137debf271d5
  languageName: node
  linkType: hard

"content-disposition@npm:0.5.4":
  version: 0.5.4
  resolution: "content-disposition@npm:0.5.4"
  dependencies:
    safe-buffer: "npm:5.2.1"
  checksum: 10c0/bac0316ebfeacb8f381b38285dc691c9939bf0a78b0b7c2d5758acadad242d04783cee5337ba7d12a565a19075af1b3c11c728e1e4946de73c6ff7ce45f3f1bb
  languageName: node
  linkType: hard

"content-type@npm:~1.0.4, content-type@npm:~1.0.5":
  version: 1.0.5
  resolution: "content-type@npm:1.0.5"
  checksum: 10c0/b76ebed15c000aee4678c3707e0860cb6abd4e680a598c0a26e17f0bfae723ec9cc2802f0ff1bc6e4d80603719010431d2231018373d4dde10f9ccff9dadf5af
  languageName: node
  linkType: hard

"cookie-signature@npm:1.0.6":
  version: 1.0.6
  resolution: "cookie-signature@npm:1.0.6"
  checksum: 10c0/b36fd0d4e3fef8456915fcf7742e58fbfcc12a17a018e0eb9501c9d5ef6893b596466f03b0564b81af29ff2538fd0aa4b9d54fe5ccbfb4c90ea50ad29fe2d221
  languageName: node
  linkType: hard

"cookie@npm:0.6.0":
  version: 0.6.0
  resolution: "cookie@npm:0.6.0"
  checksum: 10c0/f2318b31af7a31b4ddb4a678d024514df5e705f9be5909a192d7f116cfb6d45cbacf96a473fa733faa95050e7cff26e7832bb3ef94751592f1387b71c8956686
  languageName: node
  linkType: hard

"css-select@npm:^5.1.0":
  version: 5.1.0
  resolution: "css-select@npm:5.1.0"
  dependencies:
    boolbase: "npm:^1.0.0"
    css-what: "npm:^6.1.0"
    domhandler: "npm:^5.0.2"
    domutils: "npm:^3.0.1"
    nth-check: "npm:^2.0.1"
  checksum: 10c0/551c60dba5b54054741032c1793b5734f6ba45e23ae9e82761a3c0ed1acbb8cfedfa443aaba3a3c1a54cac12b456d2012a09d2cd5f0e82e430454c1b9d84d500
  languageName: node
  linkType: hard

"css-what@npm:^6.1.0":
  version: 6.1.0
  resolution: "css-what@npm:6.1.0"
  checksum: 10c0/a09f5a6b14ba8dcf57ae9a59474722e80f20406c53a61e9aedb0eedc693b135113ffe2983f4efc4b5065ae639442e9ae88df24941ef159c218b231011d733746
  languageName: node
  linkType: hard

"debug@npm:2.6.9":
  version: 2.6.9
  resolution: "debug@npm:2.6.9"
  dependencies:
    ms: "npm:2.0.0"
  checksum: 10c0/121908fb839f7801180b69a7e218a40b5a0b718813b886b7d6bdb82001b931c938e2941d1e4450f33a1b1df1da653f5f7a0440c197f29fbf8a6e9d45ff6ef589
  languageName: node
  linkType: hard

"debug@npm:^4.3.4":
  version: 4.3.4
  resolution: "debug@npm:4.3.4"
  dependencies:
    ms: "npm:2.1.2"
  peerDependenciesMeta:
    supports-color:
      optional: true
  checksum: 10c0/cedbec45298dd5c501d01b92b119cd3faebe5438c3917ff11ae1bff86a6c722930ac9c8659792824013168ba6db7c4668225d845c633fbdafbbf902a6389f736
  languageName: node
  linkType: hard

"delayed-stream@npm:~1.0.0":
  version: 1.0.0
  resolution: "delayed-stream@npm:1.0.0"
  checksum: 10c0/d758899da03392e6712f042bec80aa293bbe9e9ff1b2634baae6a360113e708b91326594c8a486d475c69d6259afb7efacdc3537bfcda1c6c648e390ce601b19
  languageName: node
  linkType: hard

"depd@npm:2.0.0":
  version: 2.0.0
  resolution: "depd@npm:2.0.0"
  checksum: 10c0/58bd06ec20e19529b06f7ad07ddab60e504d9e0faca4bd23079fac2d279c3594334d736508dc350e06e510aba5e22e4594483b3a6562ce7c17dd797f4cc4ad2c
  languageName: node
  linkType: hard

"destroy@npm:1.2.0":
  version: 1.2.0
  resolution: "destroy@npm:1.2.0"
  checksum: 10c0/bd7633942f57418f5a3b80d5cb53898127bcf53e24cdf5d5f4396be471417671f0fee48a4ebe9a1e9defbde2a31280011af58a57e090ff822f589b443ed4e643
  languageName: node
  linkType: hard

"dom-serializer@npm:^2.0.0":
  version: 2.0.0
  resolution: "dom-serializer@npm:2.0.0"
  dependencies:
    domelementtype: "npm:^2.3.0"
    domhandler: "npm:^5.0.2"
    entities: "npm:^4.2.0"
  checksum: 10c0/d5ae2b7110ca3746b3643d3ef60ef823f5f078667baf530cec096433f1627ec4b6fa8c072f09d079d7cda915fd2c7bc1b7b935681e9b09e591e1e15f4040b8e2
  languageName: node
  linkType: hard

"domelementtype@npm:^2.3.0":
  version: 2.3.0
  resolution: "domelementtype@npm:2.3.0"
  checksum: 10c0/686f5a9ef0fff078c1412c05db73a0dce096190036f33e400a07e2a4518e9f56b1e324f5c576a0a747ef0e75b5d985c040b0d51945ce780c0dd3c625a18cd8c9
  languageName: node
  linkType: hard

"domhandler@npm:^5.0.2, domhandler@npm:^5.0.3":
  version: 5.0.3
  resolution: "domhandler@npm:5.0.3"
  dependencies:
    domelementtype: "npm:^2.3.0"
  checksum: 10c0/bba1e5932b3e196ad6862286d76adc89a0dbf0c773e5ced1eb01f9af930c50093a084eff14b8de5ea60b895c56a04d5de8bbc4930c5543d029091916770b2d2a
  languageName: node
  linkType: hard

"domutils@npm:^3.0.1":
  version: 3.1.0
  resolution: "domutils@npm:3.1.0"
  dependencies:
    dom-serializer: "npm:^2.0.0"
    domelementtype: "npm:^2.3.0"
    domhandler: "npm:^5.0.3"
  checksum: 10c0/342d64cf4d07b8a0573fb51e0a6312a88fb520c7fefd751870bf72fa5fc0f2e0cb9a3958a573610b1d608c6e2a69b8e9b4b40f0bfb8f87a71bce4f180cca1887
  languageName: node
  linkType: hard

"dotenv@npm:^16.0.3":
  version: 16.4.5
  resolution: "dotenv@npm:16.4.5"
  checksum: 10c0/48d92870076832af0418b13acd6e5a5a3e83bb00df690d9812e94b24aff62b88ade955ac99a05501305b8dc8f1b0ee7638b18493deb6fe93d680e5220936292f
  languageName: node
  linkType: hard

"ee-first@npm:1.1.1":
  version: 1.1.1
  resolution: "ee-first@npm:1.1.1"
  checksum: 10c0/b5bb125ee93161bc16bfe6e56c6b04de5ad2aa44234d8f644813cc95d861a6910903132b05093706de2b706599367c4130eb6d170f6b46895686b95f87d017b7
  languageName: node
  linkType: hard

"encodeurl@npm:~1.0.2":
  version: 1.0.2
  resolution: "encodeurl@npm:1.0.2"
  checksum: 10c0/f6c2387379a9e7c1156c1c3d4f9cb7bb11cf16dd4c1682e1f6746512564b053df5781029b6061296832b59fb22f459dbe250386d217c2f6e203601abb2ee0bec
  languageName: node
  linkType: hard

"entities@npm:^4.2.0, entities@npm:^4.4.0":
  version: 4.5.0
  resolution: "entities@npm:4.5.0"
  checksum: 10c0/5b039739f7621f5d1ad996715e53d964035f75ad3b9a4d38c6b3804bb226e282ffeae2443624d8fdd9c47d8e926ae9ac009c54671243f0c3294c26af7cc85250
  languageName: node
  linkType: hard

"escape-html@npm:~1.0.3":
  version: 1.0.3
  resolution: "escape-html@npm:1.0.3"
  checksum: 10c0/524c739d776b36c3d29fa08a22e03e8824e3b2fd57500e5e44ecf3cc4707c34c60f9ca0781c0e33d191f2991161504c295e98f68c78fe7baa6e57081ec6ac0a3
  languageName: node
  linkType: hard

"etag@npm:~1.8.1":
  version: 1.8.1
  resolution: "etag@npm:1.8.1"
  checksum: 10c0/12be11ef62fb9817314d790089a0a49fae4e1b50594135dcb8076312b7d7e470884b5100d249b28c18581b7fd52f8b485689ffae22a11ed9ec17377a33a08f84
  languageName: node
  linkType: hard

"event-target-shim@npm:^5.0.0":
  version: 5.0.1
  resolution: "event-target-shim@npm:5.0.1"
  checksum: 10c0/0255d9f936215fd206156fd4caa9e8d35e62075d720dc7d847e89b417e5e62cf1ce6c9b4e0a1633a9256de0efefaf9f8d26924b1f3c8620cffb9db78e7d3076b
  languageName: node
  linkType: hard

"express@npm:^4.18.2":
  version: 4.19.2
  resolution: "express@npm:4.19.2"
  dependencies:
    accepts: "npm:~1.3.8"
    array-flatten: "npm:1.1.1"
    body-parser: "npm:1.20.2"
    content-disposition: "npm:0.5.4"
    content-type: "npm:~1.0.4"
    cookie: "npm:0.6.0"
    cookie-signature: "npm:1.0.6"
    debug: "npm:2.6.9"
    depd: "npm:2.0.0"
    encodeurl: "npm:~1.0.2"
    escape-html: "npm:~1.0.3"
    etag: "npm:~1.8.1"
    finalhandler: "npm:1.2.0"
    fresh: "npm:0.5.2"
    http-errors: "npm:2.0.0"
    merge-descriptors: "npm:1.0.1"
    methods: "npm:~1.1.2"
    on-finished: "npm:2.4.1"
    parseurl: "npm:~1.3.3"
    path-to-regexp: "npm:0.1.7"
    proxy-addr: "npm:~2.0.7"
    qs: "npm:6.11.0"
    range-parser: "npm:~1.2.1"
    safe-buffer: "npm:5.2.1"
    send: "npm:0.18.0"
    serve-static: "npm:1.15.0"
    setprototypeof: "npm:1.2.0"
    statuses: "npm:2.0.1"
    type-is: "npm:~1.6.18"
    utils-merge: "npm:1.0.1"
    vary: "npm:~1.1.2"
  checksum: 10c0/e82e2662ea9971c1407aea9fc3c16d6b963e55e3830cd0ef5e00b533feda8b770af4e3be630488ef8a752d7c75c4fcefb15892868eeaafe7353cb9e3e269fdcb
  languageName: node
  linkType: hard

"finalhandler@npm:1.2.0":
  version: 1.2.0
  resolution: "finalhandler@npm:1.2.0"
  dependencies:
    debug: "npm:2.6.9"
    encodeurl: "npm:~1.0.2"
    escape-html: "npm:~1.0.3"
    on-finished: "npm:2.4.1"
    parseurl: "npm:~1.3.3"
    statuses: "npm:2.0.1"
    unpipe: "npm:~1.0.0"
  checksum: 10c0/64b7e5ff2ad1fcb14931cd012651631b721ce657da24aedb5650ddde9378bf8e95daa451da43398123f5de161a81e79ff5affe4f9f2a6d2df4a813d6d3e254b7
  languageName: node
  linkType: hard

"follow-redirects@npm:^1.15.6":
  version: 1.15.6
  resolution: "follow-redirects@npm:1.15.6"
  peerDependenciesMeta:
    debug:
      optional: true
  checksum: 10c0/9ff767f0d7be6aa6870c82ac79cf0368cd73e01bbc00e9eb1c2a16fbb198ec105e3c9b6628bb98e9f3ac66fe29a957b9645bcb9a490bb7aa0d35f908b6b85071
  languageName: node
  linkType: hard

"form-data@npm:^4.0.0":
  version: 4.0.0
  resolution: "form-data@npm:4.0.0"
  dependencies:
    asynckit: "npm:^0.4.0"
    combined-stream: "npm:^1.0.8"
    mime-types: "npm:^2.1.12"
  checksum: 10c0/cb6f3ac49180be03ff07ba3ff125f9eba2ff0b277fb33c7fc47569fc5e616882c5b1c69b9904c4c4187e97dd0419dd03b134174756f296dec62041e6527e2c6e
  languageName: node
  linkType: hard

"forwarded@npm:0.2.0":
  version: 0.2.0
  resolution: "forwarded@npm:0.2.0"
  checksum: 10c0/9b67c3fac86acdbc9ae47ba1ddd5f2f81526fa4c8226863ede5600a3f7c7416ef451f6f1e240a3cc32d0fd79fcfe6beb08fd0da454f360032bde70bf80afbb33
  languageName: node
  linkType: hard

"fresh@npm:0.5.2":
  version: 0.5.2
  resolution: "fresh@npm:0.5.2"
  checksum: 10c0/c6d27f3ed86cc5b601404822f31c900dd165ba63fff8152a3ef714e2012e7535027063bc67ded4cb5b3a49fa596495d46cacd9f47d6328459cf570f08b7d9e5a
  languageName: node
  linkType: hard

"fs@npm:^0.0.1-security":
  version: 0.0.1-security
  resolution: "fs@npm:0.0.1-security"
  checksum: 10c0/e0c0b585ec6f7483d63d067215d9d6bb2e0dba5912060d32554c8e566a0e22ee65e4c2a2b0567476efbbfb47682554b4711d69cab49950d01f227a3dfa7d671a
  languageName: node
  linkType: hard

"function-bind@npm:^1.1.1":
  version: 1.1.1
  resolution: "function-bind@npm:1.1.1"
  checksum: 10c0/60b74b2407e1942e1ed7f8c284f8ef714d0689dcfce5319985a5b7da3fc727f40b4a59ec72dc55aa83365ad7b8fa4fac3a30d93c850a2b452f29ae03dbc10a1e
  languageName: node
  linkType: hard

"get-intrinsic@npm:^1.0.2":
  version: 1.2.1
  resolution: "get-intrinsic@npm:1.2.1"
  dependencies:
    function-bind: "npm:^1.1.1"
    has: "npm:^1.0.3"
    has-proto: "npm:^1.0.1"
    has-symbols: "npm:^1.0.3"
  checksum: 10c0/49eab47f9de8f1a4f9b458b8b74ee5199fb2614414a91973eb175e07db56b52b6df49b255cc7ff704cb0786490fb93bfe8f2ad138b590a8de09b47116a366bc9
  languageName: node
  linkType: hard

"grammy@npm:1.27.0":
  version: 1.27.0
  resolution: "grammy@npm:1.27.0"
  dependencies:
    "@grammyjs/types": "npm:3.11.0"
    abort-controller: "npm:^3.0.0"
    debug: "npm:^4.3.4"
    node-fetch: "npm:^2.7.0"
  checksum: 10c0/6129cf44b7df721c0184e5acdb4cbea698c9fc8a5fe5b166ca42ecec2fe7666f86e3e3135a7c65bc0c84e7dc49cda211eee8f077e7f35f05809a648596895c57
  languageName: node
  linkType: hard

"gsmarena-api@npm:^2.0.4":
  version: 2.0.5
  resolution: "gsmarena-api@npm:2.0.5"
  dependencies:
    axios: "npm:^1.2.5"
    cheerio: "npm:^1.0.0-rc.10"
  checksum: 10c0/8b68767fdd8f0af66212d3f85029a6b75ff5b34dc2deb1b5ef0ce1648a42a95114308a633023eb726bf0af4cfd4e5f5c840e11b6b7691f57918fa1cbcff50bd1
  languageName: node
  linkType: hard

"has-proto@npm:^1.0.1":
  version: 1.0.1
  resolution: "has-proto@npm:1.0.1"
  checksum: 10c0/c8a8fe411f810b23a564bd5546a8f3f0fff6f1b692740eb7a2fdc9df716ef870040806891e2f23ff4653f1083e3895bf12088703dd1a0eac3d9202d3a4768cd0
  languageName: node
  linkType: hard

"has-symbols@npm:^1.0.3":
  version: 1.0.3
  resolution: "has-symbols@npm:1.0.3"
  checksum: 10c0/e6922b4345a3f37069cdfe8600febbca791c94988c01af3394d86ca3360b4b93928bbf395859158f88099cb10b19d98e3bbab7c9ff2c1bd09cf665ee90afa2c3
  languageName: node
  linkType: hard

"has@npm:^1.0.3":
  version: 1.0.3
  resolution: "has@npm:1.0.3"
  dependencies:
    function-bind: "npm:^1.1.1"
  checksum: 10c0/e1da0d2bd109f116b632f27782cf23182b42f14972ca9540e4c5aa7e52647407a0a4a76937334fddcb56befe94a3494825ec22b19b51f5e5507c3153fd1a5e1b
  languageName: node
  linkType: hard

"htmlparser2@npm:^8.0.1":
  version: 8.0.2
  resolution: "htmlparser2@npm:8.0.2"
  dependencies:
    domelementtype: "npm:^2.3.0"
    domhandler: "npm:^5.0.3"
    domutils: "npm:^3.0.1"
    entities: "npm:^4.4.0"
  checksum: 10c0/609cca85886d0bf2c9a5db8c6926a89f3764596877492e2caa7a25a789af4065bc6ee2cdc81807fe6b1d03a87bf8a373b5a754528a4cc05146b713c20575aab4
  languageName: node
  linkType: hard

"http-errors@npm:2.0.0":
  version: 2.0.0
  resolution: "http-errors@npm:2.0.0"
  dependencies:
    depd: "npm:2.0.0"
    inherits: "npm:2.0.4"
    setprototypeof: "npm:1.2.0"
    statuses: "npm:2.0.1"
    toidentifier: "npm:1.0.1"
  checksum: 10c0/fc6f2715fe188d091274b5ffc8b3657bd85c63e969daa68ccb77afb05b071a4b62841acb7a21e417b5539014dff2ebf9550f0b14a9ff126f2734a7c1387f8e19
  languageName: node
  linkType: hard

"iconv-lite@npm:0.4.24":
  version: 0.4.24
  resolution: "iconv-lite@npm:0.4.24"
  dependencies:
    safer-buffer: "npm:>= 2.1.2 < 3"
  checksum: 10c0/c6886a24cc00f2a059767440ec1bc00d334a89f250db8e0f7feb4961c8727118457e27c495ba94d082e51d3baca378726cd110aaf7ded8b9bbfd6a44760cf1d4
  languageName: node
  linkType: hard

"inherits@npm:2.0.4":
  version: 2.0.4
  resolution: "inherits@npm:2.0.4"
  checksum: 10c0/4e531f648b29039fb7426fb94075e6545faa1eb9fe83c29f0b6d9e7263aceb4289d2d4557db0d428188eeb449cc7c5e77b0a0b2c4e248ff2a65933a0dee49ef2
  languageName: node
  linkType: hard

"ipaddr.js@npm:1.9.1":
  version: 1.9.1
  resolution: "ipaddr.js@npm:1.9.1"
  checksum: 10c0/0486e775047971d3fdb5fb4f063829bac45af299ae0b82dcf3afa2145338e08290563a2a70f34b732d795ecc8311902e541a8530eeb30d75860a78ff4e94ce2a
  languageName: node
  linkType: hard

"marked@npm:^13.0.0":
  version: 13.0.2
  resolution: "marked@npm:13.0.2"
  bin:
    marked: bin/marked.js
  checksum: 10c0/c8d0f63674b8de406029d58df9ef91f42464a58c6a914f063e88b270dd59d4cdafa378c2ac96a04eec13ca06566737829e27d45a5da6ef4f640811d7a7becdee
  languageName: node
  linkType: hard

"media-typer@npm:0.3.0":
  version: 0.3.0
  resolution: "media-typer@npm:0.3.0"
  checksum: 10c0/d160f31246907e79fed398470285f21bafb45a62869dc469b1c8877f3f064f5eabc4bcc122f9479b8b605bc5c76187d7871cf84c4ee3ecd3e487da1993279928
  languageName: node
  linkType: hard

"merge-descriptors@npm:1.0.1":
  version: 1.0.1
  resolution: "merge-descriptors@npm:1.0.1"
  checksum: 10c0/b67d07bd44cfc45cebdec349bb6e1f7b077ee2fd5beb15d1f7af073849208cb6f144fe403e29a36571baf3f4e86469ac39acf13c318381e958e186b2766f54ec
  languageName: node
  linkType: hard

"methods@npm:~1.1.2":
  version: 1.1.2
  resolution: "methods@npm:1.1.2"
  checksum: 10c0/bdf7cc72ff0a33e3eede03708c08983c4d7a173f91348b4b1e4f47d4cdbf734433ad971e7d1e8c77247d9e5cd8adb81ea4c67b0a2db526b758b2233d7814b8b2
  languageName: node
  linkType: hard

"mime-db@npm:1.52.0":
  version: 1.52.0
  resolution: "mime-db@npm:1.52.0"
  checksum: 10c0/0557a01deebf45ac5f5777fe7740b2a5c309c6d62d40ceab4e23da9f821899ce7a900b7ac8157d4548ddbb7beffe9abc621250e6d182b0397ec7f10c7b91a5aa
  languageName: node
  linkType: hard

"mime-types@npm:^2.1.12, mime-types@npm:~2.1.24, mime-types@npm:~2.1.34":
  version: 2.1.35
  resolution: "mime-types@npm:2.1.35"
  dependencies:
    mime-db: "npm:1.52.0"
  checksum: 10c0/82fb07ec56d8ff1fc999a84f2f217aa46cb6ed1033fefaabd5785b9a974ed225c90dc72fff460259e66b95b73648596dbcc50d51ed69cdf464af2d237d3149b2
  languageName: node
  linkType: hard

"mime@npm:1.6.0":
  version: 1.6.0
  resolution: "mime@npm:1.6.0"
  bin:
    mime: cli.js
  checksum: 10c0/b92cd0adc44888c7135a185bfd0dddc42c32606401c72896a842ae15da71eb88858f17669af41e498b463cd7eb998f7b48939a25b08374c7924a9c8a6f8a81b0
  languageName: node
  linkType: hard

"ms@npm:2.0.0":
  version: 2.0.0
  resolution: "ms@npm:2.0.0"
  checksum: 10c0/f8fda810b39fd7255bbdc451c46286e549794fcc700dc9cd1d25658bbc4dc2563a5de6fe7c60f798a16a60c6ceb53f033cb353f493f0cf63e5199b702943159d
  languageName: node
  linkType: hard

"ms@npm:2.1.2":
  version: 2.1.2
  resolution: "ms@npm:2.1.2"
  checksum: 10c0/a437714e2f90dbf881b5191d35a6db792efbca5badf112f87b9e1c712aace4b4b9b742dd6537f3edf90fd6f684de897cec230abde57e87883766712ddda297cc
  languageName: node
  linkType: hard

"ms@npm:2.1.3":
  version: 2.1.3
  resolution: "ms@npm:2.1.3"
  checksum: 10c0/d924b57e7312b3b63ad21fc5b3dc0af5e78d61a1fc7cfb5457edaf26326bf62be5307cc87ffb6862ef1c2b33b0233cdb5d4f01c4c958cc0d660948b65a287a48
  languageName: node
  linkType: hard

"negotiator@npm:0.6.3":
  version: 0.6.3
  resolution: "negotiator@npm:0.6.3"
  checksum: 10c0/3ec9fd413e7bf071c937ae60d572bc67155262068ed522cf4b3be5edbe6ddf67d095ec03a3a14ebf8fc8e95f8e1d61be4869db0dbb0de696f6b837358bd43fc2
  languageName: node
  linkType: hard

"node-fetch@npm:^2.7.0":
  version: 2.7.0
  resolution: "node-fetch@npm:2.7.0"
  dependencies:
    whatwg-url: "npm:^5.0.0"
  peerDependencies:
    encoding: ^0.1.0
  peerDependenciesMeta:
    encoding:
      optional: true
  checksum: 10c0/b55786b6028208e6fbe594ccccc213cab67a72899c9234eb59dba51062a299ea853210fcf526998eaa2867b0963ad72338824450905679ff0fa304b8c5093ae8
  languageName: node
  linkType: hard

"nth-check@npm:^2.0.1":
  version: 2.1.1
  resolution: "nth-check@npm:2.1.1"
  dependencies:
    boolbase: "npm:^1.0.0"
  checksum: 10c0/5fee7ff309727763689cfad844d979aedd2204a817fbaaf0e1603794a7c20db28548d7b024692f953557df6ce4a0ee4ae46cd8ebd9b36cfb300b9226b567c479
  languageName: node
  linkType: hard

"object-inspect@npm:^1.9.0":
  version: 1.12.3
  resolution: "object-inspect@npm:1.12.3"
  checksum: 10c0/752bb5f4dc595e214157ea8f442adb77bdb850ace762b078d151d8b6486331ab12364997a89ee6509be1023b15adf2b3774437a7105f8a5043dfda11ed622411
  languageName: node
  linkType: hard

"on-finished@npm:2.4.1":
  version: 2.4.1
  resolution: "on-finished@npm:2.4.1"
  dependencies:
    ee-first: "npm:1.1.1"
  checksum: 10c0/46fb11b9063782f2d9968863d9cbba33d77aa13c17f895f56129c274318b86500b22af3a160fe9995aa41317efcd22941b6eba747f718ced08d9a73afdb087b4
  languageName: node
  linkType: hard

"parse5-htmlparser2-tree-adapter@npm:^7.0.0":
  version: 7.0.0
  resolution: "parse5-htmlparser2-tree-adapter@npm:7.0.0"
  dependencies:
    domhandler: "npm:^5.0.2"
    parse5: "npm:^7.0.0"
  checksum: 10c0/e820cacb8486e6f7ede403327d18480df086d70e32ede2f6654d8c3a8b4b8dc4a4d5c21c03c18a92ba2466c513b93ca63be4a138dd73cd0995f384eb3b9edf11
  languageName: node
  linkType: hard

"parse5@npm:^7.0.0":
  version: 7.1.2
  resolution: "parse5@npm:7.1.2"
  dependencies:
    entities: "npm:^4.4.0"
  checksum: 10c0/297d7af8224f4b5cb7f6617ecdae98eeaed7f8cbd78956c42785e230505d5a4f07cef352af10d3006fa5c1544b76b57784d3a22d861ae071bbc460c649482bf4
  languageName: node
  linkType: hard

"parseurl@npm:~1.3.3":
  version: 1.3.3
  resolution: "parseurl@npm:1.3.3"
  checksum: 10c0/90dd4760d6f6174adb9f20cf0965ae12e23879b5f5464f38e92fce8073354341e4b3b76fa3d878351efe7d01e617121955284cfd002ab087fba1a0726ec0b4f5
  languageName: node
  linkType: hard

"path-to-regexp@npm:0.1.7":
  version: 0.1.7
  resolution: "path-to-regexp@npm:0.1.7"
  checksum: 10c0/50a1ddb1af41a9e68bd67ca8e331a705899d16fb720a1ea3a41e310480948387daf603abb14d7b0826c58f10146d49050a1291ba6a82b78a382d1c02c0b8f905
  languageName: node
  linkType: hard

"proxy-addr@npm:~2.0.7":
  version: 2.0.7
  resolution: "proxy-addr@npm:2.0.7"
  dependencies:
    forwarded: "npm:0.2.0"
    ipaddr.js: "npm:1.9.1"
  checksum: 10c0/c3eed999781a35f7fd935f398b6d8920b6fb00bbc14287bc6de78128ccc1a02c89b95b56742bf7cf0362cc333c61d138532049c7dedc7a328ef13343eff81210
  languageName: node
  linkType: hard

"proxy-from-env@npm:^1.1.0":
  version: 1.1.0
  resolution: "proxy-from-env@npm:1.1.0"
  checksum: 10c0/fe7dd8b1bdbbbea18d1459107729c3e4a2243ca870d26d34c2c1bcd3e4425b7bcc5112362df2d93cc7fb9746f6142b5e272fd1cc5c86ddf8580175186f6ad42b
  languageName: node
  linkType: hard

"qs@npm:6.11.0":
  version: 6.11.0
  resolution: "qs@npm:6.11.0"
  dependencies:
    side-channel: "npm:^1.0.4"
  checksum: 10c0/4e4875e4d7c7c31c233d07a448e7e4650f456178b9dd3766b7cfa13158fdb24ecb8c4f059fa91e820dc6ab9f2d243721d071c9c0378892dcdad86e9e9a27c68f
  languageName: node
  linkType: hard

"randombytes@npm:2.0.3":
  version: 2.0.3
  resolution: "randombytes@npm:2.0.3"
  checksum: 10c0/f0ca74bc051c3cb9281c56e1c7d9b551879e0e09f6d7cf39bac5c168563503032582476fb4a643f1da94b7cbbfbda31b75d6819a699f0f25c196c0219c6ef95f
  languageName: node
  linkType: hard

"randomstring@npm:^1.3.0":
  version: 1.3.0
  resolution: "randomstring@npm:1.3.0"
  dependencies:
    randombytes: "npm:2.0.3"
  bin:
    randomstring: bin/randomstring
  checksum: 10c0/3ffc29662c33d68fd58be3600fd03dd4eb81e4d7b63e9d55619297d0198a5bd31a90353cd3a1ececfc0696e9e4e2827d1529d585265c4a102f4516c6c69f5367
  languageName: node
  linkType: hard

"range-parser@npm:~1.2.1":
  version: 1.2.1
  resolution: "range-parser@npm:1.2.1"
  checksum: 10c0/96c032ac2475c8027b7a4e9fe22dc0dfe0f6d90b85e496e0f016fbdb99d6d066de0112e680805075bd989905e2123b3b3d002765149294dce0c1f7f01fcc2ea0
  languageName: node
  linkType: hard

"raw-body@npm:2.5.2":
  version: 2.5.2
  resolution: "raw-body@npm:2.5.2"
  dependencies:
    bytes: "npm:3.1.2"
    http-errors: "npm:2.0.0"
    iconv-lite: "npm:0.4.24"
    unpipe: "npm:1.0.0"
  checksum: 10c0/b201c4b66049369a60e766318caff5cb3cc5a900efd89bdac431463822d976ad0670912c931fdbdcf5543207daf6f6833bca57aa116e1661d2ea91e12ca692c4
  languageName: node
  linkType: hard

"realmeinfobot@workspace:.":
  version: 0.0.0-use.local
  resolution: "realmeinfobot@workspace:."
  dependencies:
    "@roziscoding/grammy-autoquote": "npm:^2.0.0"
    axios: "npm:^1.4.0"
    dotenv: "npm:^16.0.3"
    express: "npm:^4.18.2"
    fs: "npm:^0.0.1-security"
    grammy: "npm:1.27.0"
    gsmarena-api: "npm:^2.0.4"
    marked: "npm:^13.0.0"
    randomstring: "npm:^1.3.0"
  languageName: unknown
  linkType: soft

"safe-buffer@npm:5.2.1":
  version: 5.2.1
  resolution: "safe-buffer@npm:5.2.1"
  checksum: 10c0/6501914237c0a86e9675d4e51d89ca3c21ffd6a31642efeba25ad65720bce6921c9e7e974e5be91a786b25aa058b5303285d3c15dbabf983a919f5f630d349f3
  languageName: node
  linkType: hard

"safer-buffer@npm:>= 2.1.2 < 3":
  version: 2.1.2
  resolution: "safer-buffer@npm:2.1.2"
  checksum: 10c0/7e3c8b2e88a1841c9671094bbaeebd94448111dd90a81a1f606f3f67708a6ec57763b3b47f06da09fc6054193e0e6709e77325415dc8422b04497a8070fa02d4
  languageName: node
  linkType: hard

"send@npm:0.18.0":
  version: 0.18.0
  resolution: "send@npm:0.18.0"
  dependencies:
    debug: "npm:2.6.9"
    depd: "npm:2.0.0"
    destroy: "npm:1.2.0"
    encodeurl: "npm:~1.0.2"
    escape-html: "npm:~1.0.3"
    etag: "npm:~1.8.1"
    fresh: "npm:0.5.2"
    http-errors: "npm:2.0.0"
    mime: "npm:1.6.0"
    ms: "npm:2.1.3"
    on-finished: "npm:2.4.1"
    range-parser: "npm:~1.2.1"
    statuses: "npm:2.0.1"
  checksum: 10c0/0eb134d6a51fc13bbcb976a1f4214ea1e33f242fae046efc311e80aff66c7a43603e26a79d9d06670283a13000e51be6e0a2cb80ff0942eaf9f1cd30b7ae736a
  languageName: node
  linkType: hard

"serve-static@npm:1.15.0":
  version: 1.15.0
  resolution: "serve-static@npm:1.15.0"
  dependencies:
    encodeurl: "npm:~1.0.2"
    escape-html: "npm:~1.0.3"
    parseurl: "npm:~1.3.3"
    send: "npm:0.18.0"
  checksum: 10c0/fa9f0e21a540a28f301258dfe1e57bb4f81cd460d28f0e973860477dd4acef946a1f41748b5bd41c73b621bea2029569c935faa38578fd34cd42a9b4947088ba
  languageName: node
  linkType: hard

"setprototypeof@npm:1.2.0":
  version: 1.2.0
  resolution: "setprototypeof@npm:1.2.0"
  checksum: 10c0/68733173026766fa0d9ecaeb07f0483f4c2dc70ca376b3b7c40b7cda909f94b0918f6c5ad5ce27a9160bdfb475efaa9d5e705a11d8eaae18f9835d20976028bc
  languageName: node
  linkType: hard

"side-channel@npm:^1.0.4":
  version: 1.0.4
  resolution: "side-channel@npm:1.0.4"
  dependencies:
    call-bind: "npm:^1.0.0"
    get-intrinsic: "npm:^1.0.2"
    object-inspect: "npm:^1.9.0"
  checksum: 10c0/054a5d23ee35054b2c4609b9fd2a0587760737782b5d765a9c7852264710cc39c6dcb56a9bbd6c12cd84071648aea3edb2359d2f6e560677eedadce511ac1da5
  languageName: node
  linkType: hard

"statuses@npm:2.0.1":
  version: 2.0.1
  resolution: "statuses@npm:2.0.1"
  checksum: 10c0/34378b207a1620a24804ce8b5d230fea0c279f00b18a7209646d5d47e419d1cc23e7cbf33a25a1e51ac38973dc2ac2e1e9c647a8e481ef365f77668d72becfd0
  languageName: node
  linkType: hard

"toidentifier@npm:1.0.1":
  version: 1.0.1
  resolution: "toidentifier@npm:1.0.1"
  checksum: 10c0/93937279934bd66cc3270016dd8d0afec14fb7c94a05c72dc57321f8bd1fa97e5bea6d1f7c89e728d077ca31ea125b78320a616a6c6cd0e6b9cb94cb864381c1
  languageName: node
  linkType: hard

"tr46@npm:~0.0.3":
  version: 0.0.3
  resolution: "tr46@npm:0.0.3"
  checksum: 10c0/047cb209a6b60c742f05c9d3ace8fa510bff609995c129a37ace03476a9b12db4dbf975e74600830ef0796e18882b2381fb5fb1f6b4f96b832c374de3ab91a11
  languageName: node
  linkType: hard

"type-is@npm:~1.6.18":
  version: 1.6.18
  resolution: "type-is@npm:1.6.18"
  dependencies:
    media-typer: "npm:0.3.0"
    mime-types: "npm:~2.1.24"
  checksum: 10c0/a23daeb538591b7efbd61ecf06b6feb2501b683ffdc9a19c74ef5baba362b4347e42f1b4ed81f5882a8c96a3bfff7f93ce3ffaf0cbbc879b532b04c97a55db9d
  languageName: node
  linkType: hard

"unpipe@npm:1.0.0, unpipe@npm:~1.0.0":
  version: 1.0.0
  resolution: "unpipe@npm:1.0.0"
  checksum: 10c0/193400255bd48968e5c5383730344fbb4fa114cdedfab26e329e50dd2d81b134244bb8a72c6ac1b10ab0281a58b363d06405632c9d49ca9dfd5e90cbd7d0f32c
  languageName: node
  linkType: hard

"utils-merge@npm:1.0.1":
  version: 1.0.1
  resolution: "utils-merge@npm:1.0.1"
  checksum: 10c0/02ba649de1b7ca8854bfe20a82f1dfbdda3fb57a22ab4a8972a63a34553cf7aa51bc9081cf7e001b035b88186d23689d69e71b510e610a09a4c66f68aa95b672
  languageName: node
  linkType: hard

"vary@npm:~1.1.2":
  version: 1.1.2
  resolution: "vary@npm:1.1.2"
  checksum: 10c0/f15d588d79f3675135ba783c91a4083dcd290a2a5be9fcb6514220a1634e23df116847b1cc51f66bfb0644cf9353b2abb7815ae499bab06e46dd33c1a6bf1f4f
  languageName: node
  linkType: hard

"webidl-conversions@npm:^3.0.0":
  version: 3.0.1
  resolution: "webidl-conversions@npm:3.0.1"
  checksum: 10c0/5612d5f3e54760a797052eb4927f0ddc01383550f542ccd33d5238cfd65aeed392a45ad38364970d0a0f4fea32e1f4d231b3d8dac4a3bdd385e5cf802ae097db
  languageName: node
  linkType: hard

"whatwg-url@npm:^5.0.0":
  version: 5.0.0
  resolution: "whatwg-url@npm:5.0.0"
  dependencies:
    tr46: "npm:~0.0.3"
    webidl-conversions: "npm:^3.0.0"
  checksum: 10c0/1588bed84d10b72d5eec1d0faa0722ba1962f1821e7539c535558fb5398d223b0c50d8acab950b8c488b4ba69043fd833cc2697056b167d8ad46fac3995a55d5
  languageName: node
  linkType: hard
